
Microsoft Visual Studio Solution File, Format Version 12.00
# Visual Studio 15
VisualStudioVersion = 15.0.28307.421
MinimumVisualStudioVersion = 10.0.40219.1
Project("{FAE04EC0-301F-11D3-BF4B-00C04F79EFBC}") = "Çocuk Eğitim Uygulaması", "Çocuk Eğitim Uygulaması\Çocuk Eğitim Uygulaması.csproj", "{8CF20D61-260E-4F1B-BFF5-59E50A8747C5}"
EndProject
Project("{54435603-DBB4-11D2-8724-00A0C9A8B90C}") = "Eğitim Uygulama Setup", "Eğitim Uygulama Setup\Eğitim Uygulama Setup.vdproj", "{02D26913-D178-41A4-BCF4-874694BE7722}"
EndProject
Global
	GlobalSection(SolutionConfigurationPlatforms) = preSolution
		Debug|Any CPU = Debug|Any CPU
		Release|Any CPU = Release|Any CPU
	EndGlobalSection
	GlobalSection(ProjectConfigurationPlatforms) = postSolution
		{8CF20D61-260E-4F1B-BFF5-59E50A8747C5}.Debug|Any CPU.ActiveCfg = Debug|Any CPU
		{8CF20D61-260E-4F1B-BFF5-59E50A8747C5}.Debug|Any CPU.Build.0 = Debug|Any CPU
		{8CF20D61-260E-4F1B-BFF5-59E50A8747C5}.Release|Any CPU.ActiveCfg = Release|Any CPU
		{8CF20D61-260E-4F1B-BFF5-59E50A8747C5}.Release|Any CPU.Build.0 = Release|Any CPU
		{02D26913-D178-41A4-BCF4-874694BE7722}.Debug|Any CPU.ActiveCfg = Debug
		{02D26913-D178-41A4-BCF4-874694BE7722}.Release|Any CPU.ActiveCfg = Release
	EndGlobalSection
	GlobalSection(SolutionProperties) = preSolution
		HideSolutionNode = FALSE
	EndGlobalSection
	GlobalSection(ExtensibilityGlobals) = postSolution
		SolutionGuid = {94541FA0-0481-4F03-BF87-CFB2409DB2D9}
	EndGlobalSection
EndGlobal
